// !$*UTF8*$!
{
	archiveVersion = 1;
	classes = {
	};
	objectVersion = 46;
	objects = {

/* Begin PBXBuildFile section */
		2755364638D9F2E44A876E03 /* libPods-TownKitchen.a in Frameworks */ = {isa = PBXBuildFile; fileRef = F07D65BDB4054CEC1A52289A /* libPods-TownKitchen.a */; };
		2B01870C1ABF834500A3FCB4 /* OrderStatusDetailView.m in Sources */ = {isa = PBXBuildFile; fileRef = 2B01870B1ABF834500A3FCB4 /* OrderStatusDetailView.m */; };
		2B01870E1ABF836A00A3FCB4 /* OrderStatusDetailView.xib in Resources */ = {isa = PBXBuildFile; fileRef = 2B01870D1ABF836A00A3FCB4 /* OrderStatusDetailView.xib */; };
		2B0187121ABF84E500A3FCB4 /* OrderStatusDetailViewCell.m in Sources */ = {isa = PBXBuildFile; fileRef = 2B0187101ABF84E500A3FCB4 /* OrderStatusDetailViewCell.m */; };
		2B0187131ABF84E500A3FCB4 /* OrderStatusDetailViewCell.xib in Resources */ = {isa = PBXBuildFile; fileRef = 2B0187111ABF84E500A3FCB4 /* OrderStatusDetailViewCell.xib */; };
		2B0719841AB6B7A600976A43 /* DateLabelsView.m in Sources */ = {isa = PBXBuildFile; fileRef = 2B0719831AB6B7A600976A43 /* DateLabelsView.m */; };
		2B0719861AB6B7B100976A43 /* DateLabelsView.xib in Resources */ = {isa = PBXBuildFile; fileRef = 2B0719851AB6B7B100976A43 /* DateLabelsView.xib */; };
		2B0F10BF1AC26312001CD067 /* IntroViewController.m in Sources */ = {isa = PBXBuildFile; fileRef = 2B0F10BD1AC26312001CD067 /* IntroViewController.m */; };
		2B0F10C01AC26312001CD067 /* IntroViewController.xib in Resources */ = {isa = PBXBuildFile; fileRef = 2B0F10BE1AC26312001CD067 /* IntroViewController.xib */; };
		2B0F10C31AC2668C001CD067 /* IntroSlideView.m in Sources */ = {isa = PBXBuildFile; fileRef = 2B0F10C21AC2668C001CD067 /* IntroSlideView.m */; };
		2B0F10C51AC266AE001CD067 /* IntroSlideView.xib in Resources */ = {isa = PBXBuildFile; fileRef = 2B0F10C41AC266AE001CD067 /* IntroSlideView.xib */; };
		2B13D09A1AA81B9100FC0689 /* main.m in Sources */ = {isa = PBXBuildFile; fileRef = 2B13D0991AA81B9100FC0689 /* main.m */; };
		2B13D09D1AA81B9100FC0689 /* AppDelegate.m in Sources */ = {isa = PBXBuildFile; fileRef = 2B13D09C1AA81B9100FC0689 /* AppDelegate.m */; };
		2B13D0B41AA81B9100FC0689 /* TownKitchenTests.m in Sources */ = {isa = PBXBuildFile; fileRef = 2B13D0B31AA81B9100FC0689 /* TownKitchenTests.m */; };
		2B187CAD1AB9319B00FCCF78 /* CheckoutAnimationController.m in Sources */ = {isa = PBXBuildFile; fileRef = 2B187CAC1AB9319B00FCCF78 /* CheckoutAnimationController.m */; };
		2B29EB2D1AAD26C1001FA846 /* AddressInputViewController.m in Sources */ = {isa = PBXBuildFile; fileRef = 2B29EB2B1AAD26C1001FA846 /* AddressInputViewController.m */; };
		2B29EB2E1AAD26C1001FA846 /* AddressInputViewController.xib in Resources */ = {isa = PBXBuildFile; fileRef = 2B29EB2C1AAD26C1001FA846 /* AddressInputViewController.xib */; };
		2B424BD51ABA6BC00064D1A1 /* TKNavigationBar.m in Sources */ = {isa = PBXBuildFile; fileRef = 2B424BD41ABA6BC00064D1A1 /* TKNavigationBar.m */; };
		2B4DF8AB1ABF97B500D20303 /* OrderConfirmationViewController.m in Sources */ = {isa = PBXBuildFile; fileRef = 2B4DF8A91ABF97B500D20303 /* OrderConfirmationViewController.m */; };
		2B4DF8AC1ABF97B500D20303 /* OrderConfirmationViewController.xib in Resources */ = {isa = PBXBuildFile; fileRef = 2B4DF8AA1ABF97B500D20303 /* OrderConfirmationViewController.xib */; };
		2B58D0161ABBC36500BE5EFA /* PaymentView.m in Sources */ = {isa = PBXBuildFile; fileRef = 2B58D0151ABBC36500BE5EFA /* PaymentView.m */; };
		2B58D0181ABBC37100BE5EFA /* PaymentView.xib in Resources */ = {isa = PBXBuildFile; fileRef = 2B58D0171ABBC37100BE5EFA /* PaymentView.xib */; };
		2B7110001ABE7B2600A9B896 /* UIImage+SolidColors.m in Sources */ = {isa = PBXBuildFile; fileRef = 2B710FFF1ABE7B2600A9B896 /* UIImage+SolidColors.m */; };
		2B7110031ABE84E900A9B896 /* OrderButtonView.m in Sources */ = {isa = PBXBuildFile; fileRef = 2B7110021ABE84E900A9B896 /* OrderButtonView.m */; };
		2B7110051ABE84F100A9B896 /* OrderButtonView.xib in Resources */ = {isa = PBXBuildFile; fileRef = 2B7110041ABE84F100A9B896 /* OrderButtonView.xib */; };
		2BA0C18D1AACEDE700E9BBDB /* CoreLocation.framework in Frameworks */ = {isa = PBXBuildFile; fileRef = 2BA0C18C1AACEDE700E9BBDB /* CoreLocation.framework */; };
		2BA78A181AB6558500F5FAB0 /* DaySelectAnimationController.m in Sources */ = {isa = PBXBuildFile; fileRef = 2BA78A171AB6558500F5FAB0 /* DaySelectAnimationController.m */; };
		2BA78A1B1AB65FDB00F5FAB0 /* TKHeader.m in Sources */ = {isa = PBXBuildFile; fileRef = 2BA78A1A1AB65FDB00F5FAB0 /* TKHeader.m */; };
		2BA78A1D1AB65FE400F5FAB0 /* TKHeader.xib in Resources */ = {isa = PBXBuildFile; fileRef = 2BA78A1C1AB65FE400F5FAB0 /* TKHeader.xib */; };
		2BBABFB91AB008DF0098124D /* DayCell.m in Sources */ = {isa = PBXBuildFile; fileRef = 2BBABFB71AB008DF0098124D /* DayCell.m */; };
		2BBABFBA1AB008DF0098124D /* DayCell.xib in Resources */ = {isa = PBXBuildFile; fileRef = 2BBABFB81AB008DF0098124D /* DayCell.xib */; };
		2BC07CE91ABFDC3B00956822 /* PopupAnimationController.m in Sources */ = {isa = PBXBuildFile; fileRef = 2BC07CE81ABFDC3B00956822 /* PopupAnimationController.m */; };
		2BC07CEC1ABFE19600956822 /* PopupDismissAnimationController.m in Sources */ = {isa = PBXBuildFile; fileRef = 2BC07CEB1ABFE19600956822 /* PopupDismissAnimationController.m */; };
		2BC7C2D41AB614F6003624DD /* CircleStepperView.m in Sources */ = {isa = PBXBuildFile; fileRef = 2BC7C2D31AB614F6003624DD /* CircleStepperView.m */; };
		2BC7C2D61AB61503003624DD /* CircleStepperView.xib in Resources */ = {isa = PBXBuildFile; fileRef = 2BC7C2D51AB61503003624DD /* CircleStepperView.xib */; };
		2BD9E65F1AAFE6D20072BB59 /* CheckoutOrderItemCell.m in Sources */ = {isa = PBXBuildFile; fileRef = 2BD9E65D1AAFE6D20072BB59 /* CheckoutOrderItemCell.m */; };
		2BD9E6601AAFE6D20072BB59 /* CheckoutOrderItemCell.xib in Resources */ = {isa = PBXBuildFile; fileRef = 2BD9E65E1AAFE6D20072BB59 /* CheckoutOrderItemCell.xib */; };
		2BEC49411AB7F3D700A8A267 /* UIImageEffects.m in Sources */ = {isa = PBXBuildFile; fileRef = 2BEC49401AB7F3D700A8A267 /* UIImageEffects.m */; };
		2BEC49441AB7FD2E00A8A267 /* DateLabelsViewSmall.m in Sources */ = {isa = PBXBuildFile; fileRef = 2BEC49431AB7FD2E00A8A267 /* DateLabelsViewSmall.m */; };
		2BEC49481AB7FD4E00A8A267 /* DateLabelsViewSmall.xib in Resources */ = {isa = PBXBuildFile; fileRef = 2BEC49471AB7FD4E00A8A267 /* DateLabelsViewSmall.xib */; };
		2BF8B5191ABA8C4700D1C5B5 /* CheckoutView.m in Sources */ = {isa = PBXBuildFile; fileRef = 2BF8B5181ABA8C4700D1C5B5 /* CheckoutView.m */; };
		2BF8B51B1ABA8C6700D1C5B5 /* CheckoutView.xib in Resources */ = {isa = PBXBuildFile; fileRef = 2BF8B51A1ABA8C6700D1C5B5 /* CheckoutView.xib */; };
		2BF8B51E1ABA8FF100D1C5B5 /* PayAndOrderButton.m in Sources */ = {isa = PBXBuildFile; fileRef = 2BF8B51D1ABA8FF100D1C5B5 /* PayAndOrderButton.m */; };
		2BF8B5241ABAA3FD00D1C5B5 /* UIColor+TKColorPalette.m in Sources */ = {isa = PBXBuildFile; fileRef = 2BF8B5231ABAA3FD00D1C5B5 /* UIColor+TKColorPalette.m */; };
		2BF8B67E1AAE5D6A00700F3A /* OrderCreationCell.m in Sources */ = {isa = PBXBuildFile; fileRef = 2BF8B67C1AAE5D6A00700F3A /* OrderCreationCell.m */; };
		2BF8B67F1AAE5D6A00700F3A /* OrderCreationCell.xib in Resources */ = {isa = PBXBuildFile; fileRef = 2BF8B67D1AAE5D6A00700F3A /* OrderCreationCell.xib */; };
		9103FB8B1ABF8CE600B28441 /* NSValue+CLLocationCoordinate2D.m in Sources */ = {isa = PBXBuildFile; fileRef = 9103FB8A1ABF8CE600B28441 /* NSValue+CLLocationCoordinate2D.m */; };
		91788D4D1AA93FB60038FE1F /* MenuOption.m in Sources */ = {isa = PBXBuildFile; fileRef = 91788D4C1AA93FB60038FE1F /* MenuOption.m */; };
		91788D501AA93FEC0038FE1F /* Order.m in Sources */ = {isa = PBXBuildFile; fileRef = 91788D4F1AA93FEC0038FE1F /* Order.m */; };
		91788D531AA93FF50038FE1F /* Inventory.m in Sources */ = {isa = PBXBuildFile; fileRef = 91788D521AA93FF50038FE1F /* Inventory.m */; };
		91788D5E1AA940930038FE1F /* OrderCreationViewController.m in Sources */ = {isa = PBXBuildFile; fileRef = 91788D5C1AA940930038FE1F /* OrderCreationViewController.m */; };
		91788D5F1AA940930038FE1F /* OrderCreationViewController.xib in Resources */ = {isa = PBXBuildFile; fileRef = 91788D5D1AA940930038FE1F /* OrderCreationViewController.xib */; };
		91788D631AA940B10038FE1F /* DaySelectViewController.m in Sources */ = {isa = PBXBuildFile; fileRef = 91788D611AA940B10038FE1F /* DaySelectViewController.m */; };
		91788D641AA940B10038FE1F /* DaySelectViewController.xib in Resources */ = {isa = PBXBuildFile; fileRef = 91788D621AA940B10038FE1F /* DaySelectViewController.xib */; };
		91788D6D1AA941620038FE1F /* DeliveryStatusViewController.m in Sources */ = {isa = PBXBuildFile; fileRef = 91788D6B1AA941620038FE1F /* DeliveryStatusViewController.m */; };
		91788D6E1AA941620038FE1F /* DeliveryStatusViewController.xib in Resources */ = {isa = PBXBuildFile; fileRef = 91788D6C1AA941620038FE1F /* DeliveryStatusViewController.xib */; };
		91788D771AA941BC0038FE1F /* LocationSelectViewController.m in Sources */ = {isa = PBXBuildFile; fileRef = 91788D751AA941BC0038FE1F /* LocationSelectViewController.m */; };
		91788D781AA941BC0038FE1F /* LocationSelectViewController.xib in Resources */ = {isa = PBXBuildFile; fileRef = 91788D761AA941BC0038FE1F /* LocationSelectViewController.xib */; };
		91788D7F1AA942A50038FE1F /* OrderStatusViewController.m in Sources */ = {isa = PBXBuildFile; fileRef = 91788D7D1AA942A50038FE1F /* OrderStatusViewController.m */; };
		91788D801AA942A50038FE1F /* OrderStatusViewController.xib in Resources */ = {isa = PBXBuildFile; fileRef = 91788D7E1AA942A50038FE1F /* OrderStatusViewController.xib */; };
		91788D841AA947E20038FE1F /* ParseAPI.m in Sources */ = {isa = PBXBuildFile; fileRef = 91788D831AA947E20038FE1F /* ParseAPI.m */; };
		91788D861AA94BAF0038FE1F /* MapKit.framework in Frameworks */ = {isa = PBXBuildFile; fileRef = 91788D851AA94BAF0038FE1F /* MapKit.framework */; };
		91788D8A1AAD0A2B0038FE1F /* OrderSummaryView.m in Sources */ = {isa = PBXBuildFile; fileRef = 91788D891AAD0A2B0038FE1F /* OrderSummaryView.m */; };
		91788D8C1AAD0A390038FE1F /* OrderSummaryView.xib in Resources */ = {isa = PBXBuildFile; fileRef = 91788D8B1AAD0A390038FE1F /* OrderSummaryView.xib */; };
		91788D911AAD0BCA0038FE1F /* TKMenuOptionCell.m in Sources */ = {isa = PBXBuildFile; fileRef = 91788D8F1AAD0BCA0038FE1F /* TKMenuOptionCell.m */; };
		91788D921AAD0BCA0038FE1F /* TKMenuOptionCell.xib in Resources */ = {isa = PBXBuildFile; fileRef = 91788D901AAD0BCA0038FE1F /* TKMenuOptionCell.xib */; };
		91788D961AAD25830038FE1F /* NSArray+ArrayOps.m in Sources */ = {isa = PBXBuildFile; fileRef = 91788D951AAD25830038FE1F /* NSArray+ArrayOps.m */; };
		91788D9F1AB8D60F0038FE1F /* TKOrderSummaryCell.m in Sources */ = {isa = PBXBuildFile; fileRef = 91788D9D1AB8D60F0038FE1F /* TKOrderSummaryCell.m */; };
		91788DA01AB8D60F0038FE1F /* TKOrderSummaryCell.xib in Resources */ = {isa = PBXBuildFile; fileRef = 91788D9E1AB8D60F0038FE1F /* TKOrderSummaryCell.xib */; };
		9F198EE41AAF7B0D00C0055D /* Images.xcassets in Resources */ = {isa = PBXBuildFile; fileRef = 9F198EE31AAF7B0D00C0055D /* Images.xcassets */; };
		9FA5C0A81AAEC5B600080718 /* ReviewViewController.m in Sources */ = {isa = PBXBuildFile; fileRef = 9FA5C0A61AAEC5B600080718 /* ReviewViewController.m */; };
		9FA5C0A91AAEC5B600080718 /* ReviewViewController.xib in Resources */ = {isa = PBXBuildFile; fileRef = 9FA5C0A71AAEC5B600080718 /* ReviewViewController.xib */; };
		9FC8AAFB1AB0D37700610500 /* OrdersViewController.m in Sources */ = {isa = PBXBuildFile; fileRef = 9FC8AAF91AB0D37700610500 /* OrdersViewController.m */; };
		9FC8AAFC1AB0D37700610500 /* OrdersViewController.xib in Resources */ = {isa = PBXBuildFile; fileRef = 9FC8AAFA1AB0D37700610500 /* OrdersViewController.xib */; };
		9FC8AB001AB0D3DB00610500 /* OrderCell.m in Sources */ = {isa = PBXBuildFile; fileRef = 9FC8AAFE1AB0D3DB00610500 /* OrderCell.m */; };
		9FC8AB011AB0D3DB00610500 /* OrderCell.xib in Resources */ = {isa = PBXBuildFile; fileRef = 9FC8AAFF1AB0D3DB00610500 /* OrderCell.xib */; };
		9FC8AB041AB0D93100610500 /* DateUtils.m in Sources */ = {isa = PBXBuildFile; fileRef = 9FC8AB031AB0D93100610500 /* DateUtils.m */; };
		9FF2AE8F1AB66B5A001BF6BA /* LoginViewController.m in Sources */ = {isa = PBXBuildFile; fileRef = 9FF2AE8D1AB66B5A001BF6BA /* LoginViewController.m */; };
		9FF2AE901AB66B5A001BF6BA /* LoginViewController.xib in Resources */ = {isa = PBXBuildFile; fileRef = 9FF2AE8E1AB66B5A001BF6BA /* LoginViewController.xib */; };
/* End PBXBuildFile section */

/* Begin PBXContainerItemProxy section */
		2B13D0AE1AA81B9100FC0689 /* PBXContainerItemProxy */ = {
			isa = PBXContainerItemProxy;
			containerPortal = 2B13D08C1AA81B9100FC0689 /* Project object */;
			proxyType = 1;
			remoteGlobalIDString = 2B13D0931AA81B9100FC0689;
			remoteInfo = TownKitchen;
		};
/* End PBXContainerItemProxy section */

/* Begin PBXFileReference section */
		2B01870A1ABF834500A3FCB4 /* OrderStatusDetailView.h */ = {isa = PBXFileReference; fileEncoding = 4; lastKnownFileType = sourcecode.c.h; path = OrderStatusDetailView.h; sourceTree = "<group>"; };
		2B01870B1ABF834500A3FCB4 /* OrderStatusDetailView.m */ = {isa = PBXFileReference; fileEncoding = 4; lastKnownFileType = sourcecode.c.objc; path = OrderStatusDetailView.m; sourceTree = "<group>"; };
		2B01870D1ABF836A00A3FCB4 /* OrderStatusDetailView.xib */ = {isa = PBXFileReference; fileEncoding = 4; lastKnownFileType = file.xib; path = OrderStatusDetailView.xib; sourceTree = "<group>"; };
		2B01870F1ABF84E500A3FCB4 /* OrderStatusDetailViewCell.h */ = {isa = PBXFileReference; fileEncoding = 4; lastKnownFileType = sourcecode.c.h; path = OrderStatusDetailViewCell.h; sourceTree = "<group>"; };
		2B0187101ABF84E500A3FCB4 /* OrderStatusDetailViewCell.m */ = {isa = PBXFileReference; fileEncoding = 4; lastKnownFileType = sourcecode.c.objc; path = OrderStatusDetailViewCell.m; sourceTree = "<group>"; };
		2B0187111ABF84E500A3FCB4 /* OrderStatusDetailViewCell.xib */ = {isa = PBXFileReference; fileEncoding = 4; lastKnownFileType = file.xib; path = OrderStatusDetailViewCell.xib; sourceTree = "<group>"; };
		2B0719821AB6B7A600976A43 /* DateLabelsView.h */ = {isa = PBXFileReference; fileEncoding = 4; lastKnownFileType = sourcecode.c.h; path = DateLabelsView.h; sourceTree = "<group>"; };
		2B0719831AB6B7A600976A43 /* DateLabelsView.m */ = {isa = PBXFileReference; fileEncoding = 4; lastKnownFileType = sourcecode.c.objc; path = DateLabelsView.m; sourceTree = "<group>"; };
		2B0719851AB6B7B100976A43 /* DateLabelsView.xib */ = {isa = PBXFileReference; fileEncoding = 4; lastKnownFileType = file.xib; path = DateLabelsView.xib; sourceTree = "<group>"; };
		2B0F10BC1AC26312001CD067 /* IntroViewController.h */ = {isa = PBXFileReference; fileEncoding = 4; lastKnownFileType = sourcecode.c.h; path = IntroViewController.h; sourceTree = "<group>"; };
		2B0F10BD1AC26312001CD067 /* IntroViewController.m */ = {isa = PBXFileReference; fileEncoding = 4; lastKnownFileType = sourcecode.c.objc; path = IntroViewController.m; sourceTree = "<group>"; };
		2B0F10BE1AC26312001CD067 /* IntroViewController.xib */ = {isa = PBXFileReference; fileEncoding = 4; lastKnownFileType = file.xib; path = IntroViewController.xib; sourceTree = "<group>"; };
		2B0F10C11AC2668C001CD067 /* IntroSlideView.h */ = {isa = PBXFileReference; fileEncoding = 4; lastKnownFileType = sourcecode.c.h; path = IntroSlideView.h; sourceTree = "<group>"; };
		2B0F10C21AC2668C001CD067 /* IntroSlideView.m */ = {isa = PBXFileReference; fileEncoding = 4; lastKnownFileType = sourcecode.c.objc; path = IntroSlideView.m; sourceTree = "<group>"; };
		2B0F10C41AC266AE001CD067 /* IntroSlideView.xib */ = {isa = PBXFileReference; fileEncoding = 4; lastKnownFileType = file.xib; path = IntroSlideView.xib; sourceTree = "<group>"; };
		2B13D0941AA81B9100FC0689 /* TownKitchen.app */ = {isa = PBXFileReference; explicitFileType = wrapper.application; includeInIndex = 0; path = TownKitchen.app; sourceTree = BUILT_PRODUCTS_DIR; };
		2B13D0981AA81B9100FC0689 /* Info.plist */ = {isa = PBXFileReference; lastKnownFileType = text.plist.xml; path = Info.plist; sourceTree = "<group>"; };
		2B13D0991AA81B9100FC0689 /* main.m */ = {isa = PBXFileReference; lastKnownFileType = sourcecode.c.objc; path = main.m; sourceTree = "<group>"; };
		2B13D09B1AA81B9100FC0689 /* AppDelegate.h */ = {isa = PBXFileReference; lastKnownFileType = sourcecode.c.h; path = AppDelegate.h; sourceTree = "<group>"; };
		2B13D09C1AA81B9100FC0689 /* AppDelegate.m */ = {isa = PBXFileReference; lastKnownFileType = sourcecode.c.objc; path = AppDelegate.m; sourceTree = "<group>"; };
		2B13D0AD1AA81B9100FC0689 /* TownKitchenTests.xctest */ = {isa = PBXFileReference; explicitFileType = wrapper.cfbundle; includeInIndex = 0; path = TownKitchenTests.xctest; sourceTree = BUILT_PRODUCTS_DIR; };
		2B13D0B21AA81B9100FC0689 /* Info.plist */ = {isa = PBXFileReference; lastKnownFileType = text.plist.xml; path = Info.plist; sourceTree = "<group>"; };
		2B13D0B31AA81B9100FC0689 /* TownKitchenTests.m */ = {isa = PBXFileReference; lastKnownFileType = sourcecode.c.objc; path = TownKitchenTests.m; sourceTree = "<group>"; };
		2B187CAB1AB9319B00FCCF78 /* CheckoutAnimationController.h */ = {isa = PBXFileReference; fileEncoding = 4; lastKnownFileType = sourcecode.c.h; path = CheckoutAnimationController.h; sourceTree = "<group>"; };
		2B187CAC1AB9319B00FCCF78 /* CheckoutAnimationController.m */ = {isa = PBXFileReference; fileEncoding = 4; lastKnownFileType = sourcecode.c.objc; path = CheckoutAnimationController.m; sourceTree = "<group>"; };
		2B29EB2A1AAD26C1001FA846 /* AddressInputViewController.h */ = {isa = PBXFileReference; fileEncoding = 4; lastKnownFileType = sourcecode.c.h; path = AddressInputViewController.h; sourceTree = "<group>"; };
		2B29EB2B1AAD26C1001FA846 /* AddressInputViewController.m */ = {isa = PBXFileReference; fileEncoding = 4; lastKnownFileType = sourcecode.c.objc; path = AddressInputViewController.m; sourceTree = "<group>"; };
		2B29EB2C1AAD26C1001FA846 /* AddressInputViewController.xib */ = {isa = PBXFileReference; fileEncoding = 4; lastKnownFileType = file.xib; path = AddressInputViewController.xib; sourceTree = "<group>"; };
		2B424BD31ABA6BC00064D1A1 /* TKNavigationBar.h */ = {isa = PBXFileReference; fileEncoding = 4; lastKnownFileType = sourcecode.c.h; path = TKNavigationBar.h; sourceTree = "<group>"; };
		2B424BD41ABA6BC00064D1A1 /* TKNavigationBar.m */ = {isa = PBXFileReference; fileEncoding = 4; lastKnownFileType = sourcecode.c.objc; path = TKNavigationBar.m; sourceTree = "<group>"; };
		2B4DF8A81ABF97B500D20303 /* OrderConfirmationViewController.h */ = {isa = PBXFileReference; fileEncoding = 4; lastKnownFileType = sourcecode.c.h; path = OrderConfirmationViewController.h; sourceTree = "<group>"; };
		2B4DF8A91ABF97B500D20303 /* OrderConfirmationViewController.m */ = {isa = PBXFileReference; fileEncoding = 4; lastKnownFileType = sourcecode.c.objc; path = OrderConfirmationViewController.m; sourceTree = "<group>"; };
		2B4DF8AA1ABF97B500D20303 /* OrderConfirmationViewController.xib */ = {isa = PBXFileReference; fileEncoding = 4; lastKnownFileType = file.xib; path = OrderConfirmationViewController.xib; sourceTree = "<group>"; };
		2B58D0141ABBC36500BE5EFA /* PaymentView.h */ = {isa = PBXFileReference; fileEncoding = 4; lastKnownFileType = sourcecode.c.h; path = PaymentView.h; sourceTree = "<group>"; };
		2B58D0151ABBC36500BE5EFA /* PaymentView.m */ = {isa = PBXFileReference; fileEncoding = 4; lastKnownFileType = sourcecode.c.objc; path = PaymentView.m; sourceTree = "<group>"; };
		2B58D0171ABBC37100BE5EFA /* PaymentView.xib */ = {isa = PBXFileReference; fileEncoding = 4; lastKnownFileType = file.xib; path = PaymentView.xib; sourceTree = "<group>"; };
		2B710FFE1ABE7B2600A9B896 /* UIImage+SolidColors.h */ = {isa = PBXFileReference; fileEncoding = 4; lastKnownFileType = sourcecode.c.h; path = "UIImage+SolidColors.h"; sourceTree = "<group>"; };
		2B710FFF1ABE7B2600A9B896 /* UIImage+SolidColors.m */ = {isa = PBXFileReference; fileEncoding = 4; lastKnownFileType = sourcecode.c.objc; path = "UIImage+SolidColors.m"; sourceTree = "<group>"; };
		2B7110011ABE84E900A9B896 /* OrderButtonView.h */ = {isa = PBXFileReference; fileEncoding = 4; lastKnownFileType = sourcecode.c.h; path = OrderButtonView.h; sourceTree = "<group>"; };
		2B7110021ABE84E900A9B896 /* OrderButtonView.m */ = {isa = PBXFileReference; fileEncoding = 4; lastKnownFileType = sourcecode.c.objc; path = OrderButtonView.m; sourceTree = "<group>"; };
		2B7110041ABE84F100A9B896 /* OrderButtonView.xib */ = {isa = PBXFileReference; fileEncoding = 4; lastKnownFileType = file.xib; path = OrderButtonView.xib; sourceTree = "<group>"; };
		2BA0C18C1AACEDE700E9BBDB /* CoreLocation.framework */ = {isa = PBXFileReference; lastKnownFileType = wrapper.framework; name = CoreLocation.framework; path = System/Library/Frameworks/CoreLocation.framework; sourceTree = SDKROOT; };
		2BA78A161AB6558500F5FAB0 /* DaySelectAnimationController.h */ = {isa = PBXFileReference; fileEncoding = 4; lastKnownFileType = sourcecode.c.h; path = DaySelectAnimationController.h; sourceTree = "<group>"; };
		2BA78A171AB6558500F5FAB0 /* DaySelectAnimationController.m */ = {isa = PBXFileReference; fileEncoding = 4; lastKnownFileType = sourcecode.c.objc; path = DaySelectAnimationController.m; sourceTree = "<group>"; };
		2BA78A191AB65FDB00F5FAB0 /* TKHeader.h */ = {isa = PBXFileReference; fileEncoding = 4; lastKnownFileType = sourcecode.c.h; path = TKHeader.h; sourceTree = "<group>"; };
		2BA78A1A1AB65FDB00F5FAB0 /* TKHeader.m */ = {isa = PBXFileReference; fileEncoding = 4; lastKnownFileType = sourcecode.c.objc; path = TKHeader.m; sourceTree = "<group>"; };
		2BA78A1C1AB65FE400F5FAB0 /* TKHeader.xib */ = {isa = PBXFileReference; fileEncoding = 4; lastKnownFileType = file.xib; path = TKHeader.xib; sourceTree = "<group>"; };
		2BBABFB61AB008DF0098124D /* DayCell.h */ = {isa = PBXFileReference; fileEncoding = 4; lastKnownFileType = sourcecode.c.h; path = DayCell.h; sourceTree = "<group>"; };
		2BBABFB71AB008DF0098124D /* DayCell.m */ = {isa = PBXFileReference; fileEncoding = 4; lastKnownFileType = sourcecode.c.objc; path = DayCell.m; sourceTree = "<group>"; };
		2BBABFB81AB008DF0098124D /* DayCell.xib */ = {isa = PBXFileReference; fileEncoding = 4; lastKnownFileType = file.xib; path = DayCell.xib; sourceTree = "<group>"; };
		2BC07CE71ABFDC3B00956822 /* PopupAnimationController.h */ = {isa = PBXFileReference; fileEncoding = 4; lastKnownFileType = sourcecode.c.h; path = PopupAnimationController.h; sourceTree = "<group>"; };
		2BC07CE81ABFDC3B00956822 /* PopupAnimationController.m */ = {isa = PBXFileReference; fileEncoding = 4; lastKnownFileType = sourcecode.c.objc; path = PopupAnimationController.m; sourceTree = "<group>"; };
		2BC07CEA1ABFE19600956822 /* PopupDismissAnimationController.h */ = {isa = PBXFileReference; fileEncoding = 4; lastKnownFileType = sourcecode.c.h; path = PopupDismissAnimationController.h; sourceTree = "<group>"; };
		2BC07CEB1ABFE19600956822 /* PopupDismissAnimationController.m */ = {isa = PBXFileReference; fileEncoding = 4; lastKnownFileType = sourcecode.c.objc; path = PopupDismissAnimationController.m; sourceTree = "<group>"; };
		2BC7C2D21AB614F6003624DD /* CircleStepperView.h */ = {isa = PBXFileReference; fileEncoding = 4; lastKnownFileType = sourcecode.c.h; path = CircleStepperView.h; sourceTree = "<group>"; };
		2BC7C2D31AB614F6003624DD /* CircleStepperView.m */ = {isa = PBXFileReference; fileEncoding = 4; lastKnownFileType = sourcecode.c.objc; path = CircleStepperView.m; sourceTree = "<group>"; };
		2BC7C2D51AB61503003624DD /* CircleStepperView.xib */ = {isa = PBXFileReference; fileEncoding = 4; lastKnownFileType = file.xib; path = CircleStepperView.xib; sourceTree = "<group>"; };
		2BD9E65C1AAFE6D20072BB59 /* CheckoutOrderItemCell.h */ = {isa = PBXFileReference; fileEncoding = 4; lastKnownFileType = sourcecode.c.h; path = CheckoutOrderItemCell.h; sourceTree = "<group>"; };
		2BD9E65D1AAFE6D20072BB59 /* CheckoutOrderItemCell.m */ = {isa = PBXFileReference; fileEncoding = 4; lastKnownFileType = sourcecode.c.objc; path = CheckoutOrderItemCell.m; sourceTree = "<group>"; };
		2BD9E65E1AAFE6D20072BB59 /* CheckoutOrderItemCell.xib */ = {isa = PBXFileReference; fileEncoding = 4; lastKnownFileType = file.xib; path = CheckoutOrderItemCell.xib; sourceTree = "<group>"; };
		2BEC493F1AB7F3D700A8A267 /* UIImageEffects.h */ = {isa = PBXFileReference; fileEncoding = 4; lastKnownFileType = sourcecode.c.h; path = UIImageEffects.h; sourceTree = "<group>"; };
		2BEC49401AB7F3D700A8A267 /* UIImageEffects.m */ = {isa = PBXFileReference; fileEncoding = 4; lastKnownFileType = sourcecode.c.objc; path = UIImageEffects.m; sourceTree = "<group>"; };
		2BEC49421AB7FD2E00A8A267 /* DateLabelsViewSmall.h */ = {isa = PBXFileReference; fileEncoding = 4; lastKnownFileType = sourcecode.c.h; path = DateLabelsViewSmall.h; sourceTree = "<group>"; };
		2BEC49431AB7FD2E00A8A267 /* DateLabelsViewSmall.m */ = {isa = PBXFileReference; fileEncoding = 4; lastKnownFileType = sourcecode.c.objc; path = DateLabelsViewSmall.m; sourceTree = "<group>"; };
		2BEC49471AB7FD4E00A8A267 /* DateLabelsViewSmall.xib */ = {isa = PBXFileReference; fileEncoding = 4; lastKnownFileType = file.xib; path = DateLabelsViewSmall.xib; sourceTree = "<group>"; };
		2BF8B5171ABA8C4700D1C5B5 /* CheckoutView.h */ = {isa = PBXFileReference; fileEncoding = 4; lastKnownFileType = sourcecode.c.h; path = CheckoutView.h; sourceTree = "<group>"; };
		2BF8B5181ABA8C4700D1C5B5 /* CheckoutView.m */ = {isa = PBXFileReference; fileEncoding = 4; lastKnownFileType = sourcecode.c.objc; path = CheckoutView.m; sourceTree = "<group>"; };
		2BF8B51A1ABA8C6700D1C5B5 /* CheckoutView.xib */ = {isa = PBXFileReference; fileEncoding = 4; lastKnownFileType = file.xib; path = CheckoutView.xib; sourceTree = "<group>"; };
		2BF8B51C1ABA8FF100D1C5B5 /* PayAndOrderButton.h */ = {isa = PBXFileReference; fileEncoding = 4; lastKnownFileType = sourcecode.c.h; path = PayAndOrderButton.h; sourceTree = "<group>"; };
		2BF8B51D1ABA8FF100D1C5B5 /* PayAndOrderButton.m */ = {isa = PBXFileReference; fileEncoding = 4; lastKnownFileType = sourcecode.c.objc; path = PayAndOrderButton.m; sourceTree = "<group>"; };
		2BF8B5221ABAA3FD00D1C5B5 /* UIColor+TKColorPalette.h */ = {isa = PBXFileReference; fileEncoding = 4; lastKnownFileType = sourcecode.c.h; path = "UIColor+TKColorPalette.h"; sourceTree = "<group>"; };
		2BF8B5231ABAA3FD00D1C5B5 /* UIColor+TKColorPalette.m */ = {isa = PBXFileReference; fileEncoding = 4; lastKnownFileType = sourcecode.c.objc; path = "UIColor+TKColorPalette.m"; sourceTree = "<group>"; };
		2BF8B67B1AAE5D6A00700F3A /* OrderCreationCell.h */ = {isa = PBXFileReference; fileEncoding = 4; lastKnownFileType = sourcecode.c.h; path = OrderCreationCell.h; sourceTree = "<group>"; };
		2BF8B67C1AAE5D6A00700F3A /* OrderCreationCell.m */ = {isa = PBXFileReference; fileEncoding = 4; lastKnownFileType = sourcecode.c.objc; path = OrderCreationCell.m; sourceTree = "<group>"; };
		2BF8B67D1AAE5D6A00700F3A /* OrderCreationCell.xib */ = {isa = PBXFileReference; fileEncoding = 4; lastKnownFileType = file.xib; path = OrderCreationCell.xib; sourceTree = "<group>"; };
		825F5B3F4F21BA28A6689DB1 /* Pods-TownKitchen.release.xcconfig */ = {isa = PBXFileReference; includeInIndex = 1; lastKnownFileType = text.xcconfig; name = "Pods-TownKitchen.release.xcconfig"; path = "Pods/Target Support Files/Pods-TownKitchen/Pods-TownKitchen.release.xcconfig"; sourceTree = "<group>"; };
		9103FB891ABF8CE600B28441 /* NSValue+CLLocationCoordinate2D.h */ = {isa = PBXFileReference; fileEncoding = 4; lastKnownFileType = sourcecode.c.h; path = "NSValue+CLLocationCoordinate2D.h"; sourceTree = "<group>"; };
		9103FB8A1ABF8CE600B28441 /* NSValue+CLLocationCoordinate2D.m */ = {isa = PBXFileReference; fileEncoding = 4; lastKnownFileType = sourcecode.c.objc; path = "NSValue+CLLocationCoordinate2D.m"; sourceTree = "<group>"; };
		91788D4B1AA93FB60038FE1F /* MenuOption.h */ = {isa = PBXFileReference; fileEncoding = 4; lastKnownFileType = sourcecode.c.h; path = MenuOption.h; sourceTree = "<group>"; };
		91788D4C1AA93FB60038FE1F /* MenuOption.m */ = {isa = PBXFileReference; fileEncoding = 4; lastKnownFileType = sourcecode.c.objc; path = MenuOption.m; sourceTree = "<group>"; };
		91788D4E1AA93FEC0038FE1F /* Order.h */ = {isa = PBXFileReference; fileEncoding = 4; lastKnownFileType = sourcecode.c.h; path = Order.h; sourceTree = "<group>"; };
		91788D4F1AA93FEC0038FE1F /* Order.m */ = {isa = PBXFileReference; fileEncoding = 4; lastKnownFileType = sourcecode.c.objc; path = Order.m; sourceTree = "<group>"; };
		91788D511AA93FF50038FE1F /* Inventory.h */ = {isa = PBXFileReference; fileEncoding = 4; lastKnownFileType = sourcecode.c.h; path = Inventory.h; sourceTree = "<group>"; };
		91788D521AA93FF50038FE1F /* Inventory.m */ = {isa = PBXFileReference; fileEncoding = 4; lastKnownFileType = sourcecode.c.objc; path = Inventory.m; sourceTree = "<group>"; };
		91788D5B1AA940930038FE1F /* OrderCreationViewController.h */ = {isa = PBXFileReference; fileEncoding = 4; lastKnownFileType = sourcecode.c.h; path = OrderCreationViewController.h; sourceTree = "<group>"; };
		91788D5C1AA940930038FE1F /* OrderCreationViewController.m */ = {isa = PBXFileReference; fileEncoding = 4; lastKnownFileType = sourcecode.c.objc; path = OrderCreationViewController.m; sourceTree = "<group>"; };
		91788D5D1AA940930038FE1F /* OrderCreationViewController.xib */ = {isa = PBXFileReference; fileEncoding = 4; lastKnownFileType = file.xib; path = OrderCreationViewController.xib; sourceTree = "<group>"; };
		91788D601AA940B10038FE1F /* DaySelectViewController.h */ = {isa = PBXFileReference; fileEncoding = 4; lastKnownFileType = sourcecode.c.h; path = DaySelectViewController.h; sourceTree = "<group>"; };
		91788D611AA940B10038FE1F /* DaySelectViewController.m */ = {isa = PBXFileReference; fileEncoding = 4; lastKnownFileType = sourcecode.c.objc; path = DaySelectViewController.m; sourceTree = "<group>"; };
		91788D621AA940B10038FE1F /* DaySelectViewController.xib */ = {isa = PBXFileReference; fileEncoding = 4; lastKnownFileType = file.xib; path = DaySelectViewController.xib; sourceTree = "<group>"; };
		91788D6A1AA941620038FE1F /* DeliveryStatusViewController.h */ = {isa = PBXFileReference; fileEncoding = 4; lastKnownFileType = sourcecode.c.h; path = DeliveryStatusViewController.h; sourceTree = "<group>"; };
		91788D6B1AA941620038FE1F /* DeliveryStatusViewController.m */ = {isa = PBXFileReference; fileEncoding = 4; lastKnownFileType = sourcecode.c.objc; path = DeliveryStatusViewController.m; sourceTree = "<group>"; };
		91788D6C1AA941620038FE1F /* DeliveryStatusViewController.xib */ = {isa = PBXFileReference; fileEncoding = 4; lastKnownFileType = file.xib; path = DeliveryStatusViewController.xib; sourceTree = "<group>"; };
		91788D741AA941BC0038FE1F /* LocationSelectViewController.h */ = {isa = PBXFileReference; fileEncoding = 4; lastKnownFileType = sourcecode.c.h; path = LocationSelectViewController.h; sourceTree = "<group>"; };
		91788D751AA941BC0038FE1F /* LocationSelectViewController.m */ = {isa = PBXFileReference; fileEncoding = 4; lastKnownFileType = sourcecode.c.objc; path = LocationSelectViewController.m; sourceTree = "<group>"; };
		91788D761AA941BC0038FE1F /* LocationSelectViewController.xib */ = {isa = PBXFileReference; fileEncoding = 4; lastKnownFileType = file.xib; path = LocationSelectViewController.xib; sourceTree = "<group>"; };
		91788D7C1AA942A50038FE1F /* OrderStatusViewController.h */ = {isa = PBXFileReference; fileEncoding = 4; lastKnownFileType = sourcecode.c.h; path = OrderStatusViewController.h; sourceTree = "<group>"; };
		91788D7D1AA942A50038FE1F /* OrderStatusViewController.m */ = {isa = PBXFileReference; fileEncoding = 4; lastKnownFileType = sourcecode.c.objc; path = OrderStatusViewController.m; sourceTree = "<group>"; };
		91788D7E1AA942A50038FE1F /* OrderStatusViewController.xib */ = {isa = PBXFileReference; fileEncoding = 4; lastKnownFileType = file.xib; path = OrderStatusViewController.xib; sourceTree = "<group>"; };
		91788D821AA947E20038FE1F /* ParseAPI.h */ = {isa = PBXFileReference; fileEncoding = 4; lastKnownFileType = sourcecode.c.h; path = ParseAPI.h; sourceTree = "<group>"; };
		91788D831AA947E20038FE1F /* ParseAPI.m */ = {isa = PBXFileReference; fileEncoding = 4; lastKnownFileType = sourcecode.c.objc; path = ParseAPI.m; sourceTree = "<group>"; };
		91788D851AA94BAF0038FE1F /* MapKit.framework */ = {isa = PBXFileReference; lastKnownFileType = wrapper.framework; name = MapKit.framework; path = System/Library/Frameworks/MapKit.framework; sourceTree = SDKROOT; };
		91788D881AAD0A2B0038FE1F /* OrderSummaryView.h */ = {isa = PBXFileReference; fileEncoding = 4; lastKnownFileType = sourcecode.c.h; path = OrderSummaryView.h; sourceTree = "<group>"; };
		91788D891AAD0A2B0038FE1F /* OrderSummaryView.m */ = {isa = PBXFileReference; fileEncoding = 4; lastKnownFileType = sourcecode.c.objc; path = OrderSummaryView.m; sourceTree = "<group>"; };
		91788D8B1AAD0A390038FE1F /* OrderSummaryView.xib */ = {isa = PBXFileReference; fileEncoding = 4; lastKnownFileType = file.xib; path = OrderSummaryView.xib; sourceTree = "<group>"; };
		91788D8E1AAD0BCA0038FE1F /* TKMenuOptionCell.h */ = {isa = PBXFileReference; fileEncoding = 4; lastKnownFileType = sourcecode.c.h; path = TKMenuOptionCell.h; sourceTree = "<group>"; };
		91788D8F1AAD0BCA0038FE1F /* TKMenuOptionCell.m */ = {isa = PBXFileReference; fileEncoding = 4; lastKnownFileType = sourcecode.c.objc; path = TKMenuOptionCell.m; sourceTree = "<group>"; };
		91788D901AAD0BCA0038FE1F /* TKMenuOptionCell.xib */ = {isa = PBXFileReference; fileEncoding = 4; lastKnownFileType = file.xib; path = TKMenuOptionCell.xib; sourceTree = "<group>"; };
		91788D941AAD25830038FE1F /* NSArray+ArrayOps.h */ = {isa = PBXFileReference; fileEncoding = 4; lastKnownFileType = sourcecode.c.h; path = "NSArray+ArrayOps.h"; sourceTree = "<group>"; };
		91788D951AAD25830038FE1F /* NSArray+ArrayOps.m */ = {isa = PBXFileReference; fileEncoding = 4; lastKnownFileType = sourcecode.c.objc; path = "NSArray+ArrayOps.m"; sourceTree = "<group>"; };
		91788D9C1AB8D60F0038FE1F /* TKOrderSummaryCell.h */ = {isa = PBXFileReference; fileEncoding = 4; lastKnownFileType = sourcecode.c.h; path = TKOrderSummaryCell.h; sourceTree = "<group>"; };
		91788D9D1AB8D60F0038FE1F /* TKOrderSummaryCell.m */ = {isa = PBXFileReference; fileEncoding = 4; lastKnownFileType = sourcecode.c.objc; path = TKOrderSummaryCell.m; sourceTree = "<group>"; };
		91788D9E1AB8D60F0038FE1F /* TKOrderSummaryCell.xib */ = {isa = PBXFileReference; fileEncoding = 4; lastKnownFileType = file.xib; path = TKOrderSummaryCell.xib; sourceTree = "<group>"; };
		9F198EE31AAF7B0D00C0055D /* Images.xcassets */ = {isa = PBXFileReference; lastKnownFileType = folder.assetcatalog; path = Images.xcassets; sourceTree = "<group>"; };
		9FA5C0A51AAEC5B600080718 /* ReviewViewController.h */ = {isa = PBXFileReference; fileEncoding = 4; lastKnownFileType = sourcecode.c.h; path = ReviewViewController.h; sourceTree = "<group>"; };
		9FA5C0A61AAEC5B600080718 /* ReviewViewController.m */ = {isa = PBXFileReference; fileEncoding = 4; lastKnownFileType = sourcecode.c.objc; path = ReviewViewController.m; sourceTree = "<group>"; };
		9FA5C0A71AAEC5B600080718 /* ReviewViewController.xib */ = {isa = PBXFileReference; fileEncoding = 4; lastKnownFileType = file.xib; path = ReviewViewController.xib; sourceTree = "<group>"; };
		9FC8AAF81AB0D37700610500 /* OrdersViewController.h */ = {isa = PBXFileReference; fileEncoding = 4; lastKnownFileType = sourcecode.c.h; path = OrdersViewController.h; sourceTree = "<group>"; };
		9FC8AAF91AB0D37700610500 /* OrdersViewController.m */ = {isa = PBXFileReference; fileEncoding = 4; lastKnownFileType = sourcecode.c.objc; path = OrdersViewController.m; sourceTree = "<group>"; };
		9FC8AAFA1AB0D37700610500 /* OrdersViewController.xib */ = {isa = PBXFileReference; fileEncoding = 4; lastKnownFileType = file.xib; path = OrdersViewController.xib; sourceTree = "<group>"; };
		9FC8AAFD1AB0D3DB00610500 /* OrderCell.h */ = {isa = PBXFileReference; fileEncoding = 4; lastKnownFileType = sourcecode.c.h; path = OrderCell.h; sourceTree = "<group>"; };
		9FC8AAFE1AB0D3DB00610500 /* OrderCell.m */ = {isa = PBXFileReference; fileEncoding = 4; lastKnownFileType = sourcecode.c.objc; path = OrderCell.m; sourceTree = "<group>"; };
		9FC8AAFF1AB0D3DB00610500 /* OrderCell.xib */ = {isa = PBXFileReference; fileEncoding = 4; lastKnownFileType = file.xib; path = OrderCell.xib; sourceTree = "<group>"; };
		9FC8AB021AB0D93100610500 /* DateUtils.h */ = {isa = PBXFileReference; fileEncoding = 4; lastKnownFileType = sourcecode.c.h; path = DateUtils.h; sourceTree = "<group>"; };
		9FC8AB031AB0D93100610500 /* DateUtils.m */ = {isa = PBXFileReference; fileEncoding = 4; lastKnownFileType = sourcecode.c.objc; path = DateUtils.m; sourceTree = "<group>"; };
		9FF2AE8C1AB66B5A001BF6BA /* LoginViewController.h */ = {isa = PBXFileReference; fileEncoding = 4; lastKnownFileType = sourcecode.c.h; path = LoginViewController.h; sourceTree = "<group>"; };
		9FF2AE8D1AB66B5A001BF6BA /* LoginViewController.m */ = {isa = PBXFileReference; fileEncoding = 4; lastKnownFileType = sourcecode.c.objc; path = LoginViewController.m; sourceTree = "<group>"; };
		9FF2AE8E1AB66B5A001BF6BA /* LoginViewController.xib */ = {isa = PBXFileReference; fileEncoding = 4; lastKnownFileType = file.xib; path = LoginViewController.xib; sourceTree = "<group>"; };
		F02D873F8A16AE6556FF4B7A /* Pods-TownKitchen.debug.xcconfig */ = {isa = PBXFileReference; includeInIndex = 1; lastKnownFileType = text.xcconfig; name = "Pods-TownKitchen.debug.xcconfig"; path = "Pods/Target Support Files/Pods-TownKitchen/Pods-TownKitchen.debug.xcconfig"; sourceTree = "<group>"; };
		F07D65BDB4054CEC1A52289A /* libPods-TownKitchen.a */ = {isa = PBXFileReference; explicitFileType = archive.ar; includeInIndex = 0; path = "libPods-TownKitchen.a"; sourceTree = BUILT_PRODUCTS_DIR; };
/* End PBXFileReference section */

/* Begin PBXFrameworksBuildPhase section */
		2B13D0911AA81B9100FC0689 /* Frameworks */ = {
			isa = PBXFrameworksBuildPhase;
			buildActionMask = 2147483647;
			files = (
				2BA0C18D1AACEDE700E9BBDB /* CoreLocation.framework in Frameworks */,
				91788D861AA94BAF0038FE1F /* MapKit.framework in Frameworks */,
				2755364638D9F2E44A876E03 /* libPods-TownKitchen.a in Frameworks */,
			);
			runOnlyForDeploymentPostprocessing = 0;
		};
		2B13D0AA1AA81B9100FC0689 /* Frameworks */ = {
			isa = PBXFrameworksBuildPhase;
			buildActionMask = 2147483647;
			files = (
			);
			runOnlyForDeploymentPostprocessing = 0;
		};
/* End PBXFrameworksBuildPhase section */

/* Begin PBXGroup section */
		2B13D08B1AA81B9100FC0689 = {
			isa = PBXGroup;
			children = (
				2B13D0961AA81B9100FC0689 /* TownKitchen */,
				2B13D0B01AA81B9100FC0689 /* TownKitchenTests */,
				2B13D0951AA81B9100FC0689 /* Products */,
				C5D4935A9FA1A86F0FA9ADC9 /* Pods */,
				F1639EBC1984B8107DFB54BA /* Frameworks */,
			);
			sourceTree = "<group>";
		};
		2B13D0951AA81B9100FC0689 /* Products */ = {
			isa = PBXGroup;
			children = (
				2B13D0941AA81B9100FC0689 /* TownKitchen.app */,
				2B13D0AD1AA81B9100FC0689 /* TownKitchenTests.xctest */,
			);
			name = Products;
			sourceTree = "<group>";
		};
		2B13D0961AA81B9100FC0689 /* TownKitchen */ = {
			isa = PBXGroup;
			children = (
				9F198EE31AAF7B0D00C0055D /* Images.xcassets */,
				2B13D09B1AA81B9100FC0689 /* AppDelegate.h */,
				2B13D09C1AA81B9100FC0689 /* AppDelegate.m */,
				2BA78A151AB63B3700F5FAB0 /* Animations */,
				91788D811AA947D20038FE1F /* API */,
				91788D931AAD25210038FE1F /* Categories */,
				2BEC493E1AB7F3C000A8A267 /* Helpers */,
				91788D4A1AA93F660038FE1F /* Models */,
				2B13D0971AA81B9100FC0689 /* Supporting Files */,
				91788D8D1AAD0BA90038FE1F /* TableViewCells */,
				91788D5A1AA940700038FE1F /* ViewControllers */,
				91788D871AAD0A1B0038FE1F /* Views */,
			);
			path = TownKitchen;
			sourceTree = "<group>";
		};
		2B13D0971AA81B9100FC0689 /* Supporting Files */ = {
			isa = PBXGroup;
			children = (
				2B13D0981AA81B9100FC0689 /* Info.plist */,
				2B13D0991AA81B9100FC0689 /* main.m */,
			);
			name = "Supporting Files";
			sourceTree = "<group>";
		};
		2B13D0B01AA81B9100FC0689 /* TownKitchenTests */ = {
			isa = PBXGroup;
			children = (
				2B13D0B31AA81B9100FC0689 /* TownKitchenTests.m */,
				2B13D0B11AA81B9100FC0689 /* Supporting Files */,
			);
			path = TownKitchenTests;
			sourceTree = "<group>";
		};
		2B13D0B11AA81B9100FC0689 /* Supporting Files */ = {
			isa = PBXGroup;
			children = (
				2B13D0B21AA81B9100FC0689 /* Info.plist */,
			);
			name = "Supporting Files";
			sourceTree = "<group>";
		};
		2BA78A151AB63B3700F5FAB0 /* Animations */ = {
			isa = PBXGroup;
			children = (
				2BA78A161AB6558500F5FAB0 /* DaySelectAnimationController.h */,
				2BA78A171AB6558500F5FAB0 /* DaySelectAnimationController.m */,
				2B187CAB1AB9319B00FCCF78 /* CheckoutAnimationController.h */,
				2B187CAC1AB9319B00FCCF78 /* CheckoutAnimationController.m */,
				2BC07CE71ABFDC3B00956822 /* PopupAnimationController.h */,
				2BC07CE81ABFDC3B00956822 /* PopupAnimationController.m */,
				2BC07CEA1ABFE19600956822 /* PopupDismissAnimationController.h */,
				2BC07CEB1ABFE19600956822 /* PopupDismissAnimationController.m */,
			);
			name = Animations;
			sourceTree = "<group>";
		};
		2BEC493E1AB7F3C000A8A267 /* Helpers */ = {
			isa = PBXGroup;
			children = (
				9FC8AB021AB0D93100610500 /* DateUtils.h */,
				9FC8AB031AB0D93100610500 /* DateUtils.m */,
				2BEC493F1AB7F3D700A8A267 /* UIImageEffects.h */,
				2BEC49401AB7F3D700A8A267 /* UIImageEffects.m */,
			);
			name = Helpers;
			sourceTree = "<group>";
		};
		91788D4A1AA93F660038FE1F /* Models */ = {
			isa = PBXGroup;
			children = (
				91788D511AA93FF50038FE1F /* Inventory.h */,
				91788D521AA93FF50038FE1F /* Inventory.m */,
				91788D4B1AA93FB60038FE1F /* MenuOption.h */,
				91788D4C1AA93FB60038FE1F /* MenuOption.m */,
				91788D4E1AA93FEC0038FE1F /* Order.h */,
				91788D4F1AA93FEC0038FE1F /* Order.m */,
			);
			name = Models;
			sourceTree = "<group>";
		};
		91788D5A1AA940700038FE1F /* ViewControllers */ = {
			isa = PBXGroup;
			children = (
				2B29EB2A1AAD26C1001FA846 /* AddressInputViewController.h */,
				2B29EB2B1AAD26C1001FA846 /* AddressInputViewController.m */,
				2B29EB2C1AAD26C1001FA846 /* AddressInputViewController.xib */,
				91788D601AA940B10038FE1F /* DaySelectViewController.h */,
				91788D611AA940B10038FE1F /* DaySelectViewController.m */,
				91788D621AA940B10038FE1F /* DaySelectViewController.xib */,
				91788D6A1AA941620038FE1F /* DeliveryStatusViewController.h */,
				91788D6B1AA941620038FE1F /* DeliveryStatusViewController.m */,
				91788D6C1AA941620038FE1F /* DeliveryStatusViewController.xib */,
				91788D741AA941BC0038FE1F /* LocationSelectViewController.h */,
				91788D751AA941BC0038FE1F /* LocationSelectViewController.m */,
				91788D761AA941BC0038FE1F /* LocationSelectViewController.xib */,
				9FF2AE8C1AB66B5A001BF6BA /* LoginViewController.h */,
				9FF2AE8D1AB66B5A001BF6BA /* LoginViewController.m */,
				9FF2AE8E1AB66B5A001BF6BA /* LoginViewController.xib */,
				2B4DF8A81ABF97B500D20303 /* OrderConfirmationViewController.h */,
				2B4DF8A91ABF97B500D20303 /* OrderConfirmationViewController.m */,
				2B4DF8AA1ABF97B500D20303 /* OrderConfirmationViewController.xib */,
				91788D5B1AA940930038FE1F /* OrderCreationViewController.h */,
				91788D5C1AA940930038FE1F /* OrderCreationViewController.m */,
				91788D5D1AA940930038FE1F /* OrderCreationViewController.xib */,
				91788D7C1AA942A50038FE1F /* OrderStatusViewController.h */,
				91788D7D1AA942A50038FE1F /* OrderStatusViewController.m */,
				91788D7E1AA942A50038FE1F /* OrderStatusViewController.xib */,
				9FC8AAF81AB0D37700610500 /* OrdersViewController.h */,
				9FC8AAF91AB0D37700610500 /* OrdersViewController.m */,
				9FC8AAFA1AB0D37700610500 /* OrdersViewController.xib */,
				9FA5C0A51AAEC5B600080718 /* ReviewViewController.h */,
				9FA5C0A61AAEC5B600080718 /* ReviewViewController.m */,
				9FA5C0A71AAEC5B600080718 /* ReviewViewController.xib */,
				2B0F10BC1AC26312001CD067 /* IntroViewController.h */,
				2B0F10BD1AC26312001CD067 /* IntroViewController.m */,
				2B0F10BE1AC26312001CD067 /* IntroViewController.xib */,
			);
			name = ViewControllers;
			sourceTree = "<group>";
		};
		91788D811AA947D20038FE1F /* API */ = {
			isa = PBXGroup;
			children = (
				91788D821AA947E20038FE1F /* ParseAPI.h */,
				91788D831AA947E20038FE1F /* ParseAPI.m */,
			);
			name = API;
			sourceTree = "<group>";
		};
		91788D871AAD0A1B0038FE1F /* Views */ = {
			isa = PBXGroup;
			children = (
				2BF8B5171ABA8C4700D1C5B5 /* CheckoutView.h */,
				2BF8B5181ABA8C4700D1C5B5 /* CheckoutView.m */,
				2BF8B51A1ABA8C6700D1C5B5 /* CheckoutView.xib */,
				2BC7C2D21AB614F6003624DD /* CircleStepperView.h */,
				2BC7C2D31AB614F6003624DD /* CircleStepperView.m */,
				2BC7C2D51AB61503003624DD /* CircleStepperView.xib */,
				2BA78A191AB65FDB00F5FAB0 /* TKHeader.h */,
				2BA78A1A1AB65FDB00F5FAB0 /* TKHeader.m */,
				2BA78A1C1AB65FE400F5FAB0 /* TKHeader.xib */,
				2B0719821AB6B7A600976A43 /* DateLabelsView.h */,
				2B0719831AB6B7A600976A43 /* DateLabelsView.m */,
				2B0719851AB6B7B100976A43 /* DateLabelsView.xib */,
				2BEC49421AB7FD2E00A8A267 /* DateLabelsViewSmall.h */,
				2BEC49431AB7FD2E00A8A267 /* DateLabelsViewSmall.m */,
				2BEC49471AB7FD4E00A8A267 /* DateLabelsViewSmall.xib */,
				2B0F10C11AC2668C001CD067 /* IntroSlideView.h */,
				2B0F10C21AC2668C001CD067 /* IntroSlideView.m */,
				2B0F10C41AC266AE001CD067 /* IntroSlideView.xib */,
				2B424BD31ABA6BC00064D1A1 /* TKNavigationBar.h */,
				2B424BD41ABA6BC00064D1A1 /* TKNavigationBar.m */,
				2B7110011ABE84E900A9B896 /* OrderButtonView.h */,
				2B7110021ABE84E900A9B896 /* OrderButtonView.m */,
				2B7110041ABE84F100A9B896 /* OrderButtonView.xib */,
				2B01870A1ABF834500A3FCB4 /* OrderStatusDetailView.h */,
				2B01870B1ABF834500A3FCB4 /* OrderStatusDetailView.m */,
				2B01870D1ABF836A00A3FCB4 /* OrderStatusDetailView.xib */,
				91788D881AAD0A2B0038FE1F /* OrderSummaryView.h */,
				91788D891AAD0A2B0038FE1F /* OrderSummaryView.m */,
				91788D8B1AAD0A390038FE1F /* OrderSummaryView.xib */,
				2BF8B51C1ABA8FF100D1C5B5 /* PayAndOrderButton.h */,
				2BF8B51D1ABA8FF100D1C5B5 /* PayAndOrderButton.m */,
				2B58D0141ABBC36500BE5EFA /* PaymentView.h */,
				2B58D0151ABBC36500BE5EFA /* PaymentView.m */,
				2B58D0171ABBC37100BE5EFA /* PaymentView.xib */,
			);
			name = Views;
			sourceTree = "<group>";
		};
		91788D8D1AAD0BA90038FE1F /* TableViewCells */ = {
			isa = PBXGroup;
			children = (
				91788D9C1AB8D60F0038FE1F /* TKOrderSummaryCell.h */,
				91788D9D1AB8D60F0038FE1F /* TKOrderSummaryCell.m */,
				91788D9E1AB8D60F0038FE1F /* TKOrderSummaryCell.xib */,
				2BD9E65C1AAFE6D20072BB59 /* CheckoutOrderItemCell.h */,
				2BD9E65D1AAFE6D20072BB59 /* CheckoutOrderItemCell.m */,
				2BD9E65E1AAFE6D20072BB59 /* CheckoutOrderItemCell.xib */,
				2BBABFB61AB008DF0098124D /* DayCell.h */,
				2BBABFB71AB008DF0098124D /* DayCell.m */,
				2BBABFB81AB008DF0098124D /* DayCell.xib */,
				9FC8AAFD1AB0D3DB00610500 /* OrderCell.h */,
				9FC8AAFE1AB0D3DB00610500 /* OrderCell.m */,
				9FC8AAFF1AB0D3DB00610500 /* OrderCell.xib */,
				2BF8B67B1AAE5D6A00700F3A /* OrderCreationCell.h */,
				2BF8B67C1AAE5D6A00700F3A /* OrderCreationCell.m */,
				2BF8B67D1AAE5D6A00700F3A /* OrderCreationCell.xib */,
				2B01870F1ABF84E500A3FCB4 /* OrderStatusDetailViewCell.h */,
				2B0187101ABF84E500A3FCB4 /* OrderStatusDetailViewCell.m */,
				2B0187111ABF84E500A3FCB4 /* OrderStatusDetailViewCell.xib */,
				91788D8E1AAD0BCA0038FE1F /* TKMenuOptionCell.h */,
				91788D8F1AAD0BCA0038FE1F /* TKMenuOptionCell.m */,
				91788D901AAD0BCA0038FE1F /* TKMenuOptionCell.xib */,
			);
			name = TableViewCells;
			sourceTree = "<group>";
		};
		91788D931AAD25210038FE1F /* Categories */ = {
			isa = PBXGroup;
			children = (
				91788D941AAD25830038FE1F /* NSArray+ArrayOps.h */,
				91788D951AAD25830038FE1F /* NSArray+ArrayOps.m */,
				2B710FFE1ABE7B2600A9B896 /* UIImage+SolidColors.h */,
				2B710FFF1ABE7B2600A9B896 /* UIImage+SolidColors.m */,
				2BF8B5221ABAA3FD00D1C5B5 /* UIColor+TKColorPalette.h */,
				2BF8B5231ABAA3FD00D1C5B5 /* UIColor+TKColorPalette.m */,
				9103FB891ABF8CE600B28441 /* NSValue+CLLocationCoordinate2D.h */,
				9103FB8A1ABF8CE600B28441 /* NSValue+CLLocationCoordinate2D.m */,
			);
			name = Categories;
			sourceTree = "<group>";
		};
		C5D4935A9FA1A86F0FA9ADC9 /* Pods */ = {
			isa = PBXGroup;
			children = (
				F02D873F8A16AE6556FF4B7A /* Pods-TownKitchen.debug.xcconfig */,
				825F5B3F4F21BA28A6689DB1 /* Pods-TownKitchen.release.xcconfig */,
			);
			name = Pods;
			sourceTree = "<group>";
		};
		F1639EBC1984B8107DFB54BA /* Frameworks */ = {
			isa = PBXGroup;
			children = (
				2BA0C18C1AACEDE700E9BBDB /* CoreLocation.framework */,
				91788D851AA94BAF0038FE1F /* MapKit.framework */,
				F07D65BDB4054CEC1A52289A /* libPods-TownKitchen.a */,
			);
			name = Frameworks;
			sourceTree = "<group>";
		};
/* End PBXGroup section */

/* Begin PBXNativeTarget section */
		2B13D0931AA81B9100FC0689 /* TownKitchen */ = {
			isa = PBXNativeTarget;
			buildConfigurationList = 2B13D0B71AA81B9100FC0689 /* Build configuration list for PBXNativeTarget "TownKitchen" */;
			buildPhases = (
				590F1F383799D080C37C5755 /* Check Pods Manifest.lock */,
				2B13D0901AA81B9100FC0689 /* Sources */,
				2B13D0911AA81B9100FC0689 /* Frameworks */,
				2B13D0921AA81B9100FC0689 /* Resources */,
				5456898072F3EDB21868A6C9 /* Copy Pods Resources */,
			);
			buildRules = (
			);
			dependencies = (
			);
			name = TownKitchen;
			productName = TownKitchen;
			productReference = 2B13D0941AA81B9100FC0689 /* TownKitchen.app */;
			productType = "com.apple.product-type.application";
		};
		2B13D0AC1AA81B9100FC0689 /* TownKitchenTests */ = {
			isa = PBXNativeTarget;
			buildConfigurationList = 2B13D0BA1AA81B9100FC0689 /* Build configuration list for PBXNativeTarget "TownKitchenTests" */;
			buildPhases = (
				2B13D0A91AA81B9100FC0689 /* Sources */,
				2B13D0AA1AA81B9100FC0689 /* Frameworks */,
				2B13D0AB1AA81B9100FC0689 /* Resources */,
			);
			buildRules = (
			);
			dependencies = (
				2B13D0AF1AA81B9100FC0689 /* PBXTargetDependency */,
			);
			name = TownKitchenTests;
			productName = TownKitchenTests;
			productReference = 2B13D0AD1AA81B9100FC0689 /* TownKitchenTests.xctest */;
			productType = "com.apple.product-type.bundle.unit-test";
		};
/* End PBXNativeTarget section */

/* Begin PBXProject section */
		2B13D08C1AA81B9100FC0689 /* Project object */ = {
			isa = PBXProject;
			attributes = {
				LastUpgradeCheck = 0610;
				ORGANIZATIONNAME = "The Town Kitchen";
				TargetAttributes = {
					2B13D0931AA81B9100FC0689 = {
						CreatedOnToolsVersion = 6.1.1;
						SystemCapabilities = {
							com.apple.Maps.iOS = {
								enabled = 1;
							};
						};
					};
					2B13D0AC1AA81B9100FC0689 = {
						CreatedOnToolsVersion = 6.1.1;
						TestTargetID = 2B13D0931AA81B9100FC0689;
					};
				};
			};
			buildConfigurationList = 2B13D08F1AA81B9100FC0689 /* Build configuration list for PBXProject "TownKitchen" */;
			compatibilityVersion = "Xcode 3.2";
			developmentRegion = English;
			hasScannedForEncodings = 0;
			knownRegions = (
				en,
				Base,
			);
			mainGroup = 2B13D08B1AA81B9100FC0689;
			productRefGroup = 2B13D0951AA81B9100FC0689 /* Products */;
			projectDirPath = "";
			projectRoot = "";
			targets = (
				2B13D0931AA81B9100FC0689 /* TownKitchen */,
				2B13D0AC1AA81B9100FC0689 /* TownKitchenTests */,
			);
		};
/* End PBXProject section */

/* Begin PBXResourcesBuildPhase section */
		2B13D0921AA81B9100FC0689 /* Resources */ = {
			isa = PBXResourcesBuildPhase;
			buildActionMask = 2147483647;
			files = (
				2B01870E1ABF836A00A3FCB4 /* OrderStatusDetailView.xib in Resources */,
				2BA78A1D1AB65FE400F5FAB0 /* TKHeader.xib in Resources */,
				91788D5F1AA940930038FE1F /* OrderCreationViewController.xib in Resources */,
				91788D641AA940B10038FE1F /* DaySelectViewController.xib in Resources */,
				91788D781AA941BC0038FE1F /* LocationSelectViewController.xib in Resources */,
				9FF2AE901AB66B5A001BF6BA /* LoginViewController.xib in Resources */,
				9F198EE41AAF7B0D00C0055D /* Images.xcassets in Resources */,
				9FC8AAFC1AB0D37700610500 /* OrdersViewController.xib in Resources */,
				2BF8B67F1AAE5D6A00700F3A /* OrderCreationCell.xib in Resources */,
				2BD9E6601AAFE6D20072BB59 /* CheckoutOrderItemCell.xib in Resources */,
				2BEC49481AB7FD4E00A8A267 /* DateLabelsViewSmall.xib in Resources */,
				2BF8B51B1ABA8C6700D1C5B5 /* CheckoutView.xib in Resources */,
				2B0F10C01AC26312001CD067 /* IntroViewController.xib in Resources */,
				2B0F10C51AC266AE001CD067 /* IntroSlideView.xib in Resources */,
				2B29EB2E1AAD26C1001FA846 /* AddressInputViewController.xib in Resources */,
				9FC8AB011AB0D3DB00610500 /* OrderCell.xib in Resources */,
				2BC7C2D61AB61503003624DD /* CircleStepperView.xib in Resources */,
				2B4DF8AC1ABF97B500D20303 /* OrderConfirmationViewController.xib in Resources */,
				91788D921AAD0BCA0038FE1F /* TKMenuOptionCell.xib in Resources */,
				2B7110051ABE84F100A9B896 /* OrderButtonView.xib in Resources */,
				9FA5C0A91AAEC5B600080718 /* ReviewViewController.xib in Resources */,
				2BBABFBA1AB008DF0098124D /* DayCell.xib in Resources */,
				91788DA01AB8D60F0038FE1F /* TKOrderSummaryCell.xib in Resources */,
				2B58D0181ABBC37100BE5EFA /* PaymentView.xib in Resources */,
				91788D6E1AA941620038FE1F /* DeliveryStatusViewController.xib in Resources */,
				91788D801AA942A50038FE1F /* OrderStatusViewController.xib in Resources */,
				2B0187131ABF84E500A3FCB4 /* OrderStatusDetailViewCell.xib in Resources */,
				91788D8C1AAD0A390038FE1F /* OrderSummaryView.xib in Resources */,
				2B0719861AB6B7B100976A43 /* DateLabelsView.xib in Resources */,
			);
			runOnlyForDeploymentPostprocessing = 0;
		};
		2B13D0AB1AA81B9100FC0689 /* Resources */ = {
			isa = PBXResourcesBuildPhase;
			buildActionMask = 2147483647;
			files = (
			);
			runOnlyForDeploymentPostprocessing = 0;
		};
/* End PBXResourcesBuildPhase section */

/* Begin PBXShellScriptBuildPhase section */
		5456898072F3EDB21868A6C9 /* Copy Pods Resources */ = {
			isa = PBXShellScriptBuildPhase;
			buildActionMask = 2147483647;
			files = (
			);
			inputPaths = (
			);
			name = "Copy Pods Resources";
			outputPaths = (
			);
			runOnlyForDeploymentPostprocessing = 0;
			shellPath = /bin/sh;
			shellScript = "\"${SRCROOT}/Pods/Target Support Files/Pods-TownKitchen/Pods-TownKitchen-resources.sh\"\n";
			showEnvVarsInLog = 0;
		};
		590F1F383799D080C37C5755 /* Check Pods Manifest.lock */ = {
			isa = PBXShellScriptBuildPhase;
			buildActionMask = 2147483647;
			files = (
			);
			inputPaths = (
			);
			name = "Check Pods Manifest.lock";
			outputPaths = (
			);
			runOnlyForDeploymentPostprocessing = 0;
			shellPath = /bin/sh;
			shellScript = "diff \"${PODS_ROOT}/../Podfile.lock\" \"${PODS_ROOT}/Manifest.lock\" > /dev/null\nif [[ $? != 0 ]] ; then\n    cat << EOM\nerror: The sandbox is not in sync with the Podfile.lock. Run 'pod install' or update your CocoaPods installation.\nEOM\n    exit 1\nfi\n";
			showEnvVarsInLog = 0;
		};
/* End PBXShellScriptBuildPhase section */

/* Begin PBXSourcesBuildPhase section */
		2B13D0901AA81B9100FC0689 /* Sources */ = {
			isa = PBXSourcesBuildPhase;
			buildActionMask = 2147483647;
			files = (
				91788D631AA940B10038FE1F /* DaySelectViewController.m in Sources */,
				2BD9E65F1AAFE6D20072BB59 /* CheckoutOrderItemCell.m in Sources */,
				9FF2AE8F1AB66B5A001BF6BA /* LoginViewController.m in Sources */,
				2BBABFB91AB008DF0098124D /* DayCell.m in Sources */,
				2BF8B5241ABAA3FD00D1C5B5 /* UIColor+TKColorPalette.m in Sources */,
				2BEC49441AB7FD2E00A8A267 /* DateLabelsViewSmall.m in Sources */,
				2B0F10C31AC2668C001CD067 /* IntroSlideView.m in Sources */,
				91788D911AAD0BCA0038FE1F /* TKMenuOptionCell.m in Sources */,
				91788D5E1AA940930038FE1F /* OrderCreationViewController.m in Sources */,
				91788D8A1AAD0A2B0038FE1F /* OrderSummaryView.m in Sources */,
				2BC7C2D41AB614F6003624DD /* CircleStepperView.m in Sources */,
				2B01870C1ABF834500A3FCB4 /* OrderStatusDetailView.m in Sources */,
				2B187CAD1AB9319B00FCCF78 /* CheckoutAnimationController.m in Sources */,
				2B7110031ABE84E900A9B896 /* OrderButtonView.m in Sources */,
				2B4DF8AB1ABF97B500D20303 /* OrderConfirmationViewController.m in Sources */,
				2BEC49411AB7F3D700A8A267 /* UIImageEffects.m in Sources */,
				2BA78A181AB6558500F5FAB0 /* DaySelectAnimationController.m in Sources */,
				2BF8B5191ABA8C4700D1C5B5 /* CheckoutView.m in Sources */,
				2B0F10BF1AC26312001CD067 /* IntroViewController.m in Sources */,
				91788D6D1AA941620038FE1F /* DeliveryStatusViewController.m in Sources */,
				2B13D09D1AA81B9100FC0689 /* AppDelegate.m in Sources */,
				2B0187121ABF84E500A3FCB4 /* OrderStatusDetailViewCell.m in Sources */,
				2B58D0161ABBC36500BE5EFA /* PaymentView.m in Sources */,
				91788D771AA941BC0038FE1F /* LocationSelectViewController.m in Sources */,
				2B13D09A1AA81B9100FC0689 /* main.m in Sources */,
				2BF8B67E1AAE5D6A00700F3A /* OrderCreationCell.m in Sources */,
				91788D841AA947E20038FE1F /* ParseAPI.m in Sources */,
				2BF8B51E1ABA8FF100D1C5B5 /* PayAndOrderButton.m in Sources */,
				9FC8AB001AB0D3DB00610500 /* OrderCell.m in Sources */,
				2B29EB2D1AAD26C1001FA846 /* AddressInputViewController.m in Sources */,
				9FC8AB041AB0D93100610500 /* DateUtils.m in Sources */,
				2B7110001ABE7B2600A9B896 /* UIImage+SolidColors.m in Sources */,
				91788D501AA93FEC0038FE1F /* Order.m in Sources */,
				2B424BD51ABA6BC00064D1A1 /* TKNavigationBar.m in Sources */,
				9103FB8B1ABF8CE600B28441 /* NSValue+CLLocationCoordinate2D.m in Sources */,
				9FA5C0A81AAEC5B600080718 /* ReviewViewController.m in Sources */,
				91788D7F1AA942A50038FE1F /* OrderStatusViewController.m in Sources */,
				91788D9F1AB8D60F0038FE1F /* TKOrderSummaryCell.m in Sources */,
				2BC07CE91ABFDC3B00956822 /* PopupAnimationController.m in Sources */,
				2BA78A1B1AB65FDB00F5FAB0 /* TKHeader.m in Sources */,
				91788D4D1AA93FB60038FE1F /* MenuOption.m in Sources */,
				2BC07CEC1ABFE19600956822 /* PopupDismissAnimationController.m in Sources */,
				2B0719841AB6B7A600976A43 /* DateLabelsView.m in Sources */,
				9FC8AAFB1AB0D37700610500 /* OrdersViewController.m in Sources */,
				91788D531AA93FF50038FE1F /* Inventory.m in Sources */,
				91788D961AAD25830038FE1F /* NSArray+ArrayOps.m in Sources */,
			);
			runOnlyForDeploymentPostprocessing = 0;
		};
		2B13D0A91AA81B9100FC0689 /* Sources */ = {
			isa = PBXSourcesBuildPhase;
			buildActionMask = 2147483647;
			files = (
				2B13D0B41AA81B9100FC0689 /* TownKitchenTests.m in Sources */,
			);
			runOnlyForDeploymentPostprocessing = 0;
		};
/* End PBXSourcesBuildPhase section */

/* Begin PBXTargetDependency section */
		2B13D0AF1AA81B9100FC0689 /* PBXTargetDependency */ = {
			isa = PBXTargetDependency;
			target = 2B13D0931AA81B9100FC0689 /* TownKitchen */;
			targetProxy = 2B13D0AE1AA81B9100FC0689 /* PBXContainerItemProxy */;
		};
/* End PBXTargetDependency section */

/* Begin XCBuildConfiguration section */
		2B13D0B51AA81B9100FC0689 /* Debug */ = {
			isa = XCBuildConfiguration;
			buildSettings = {
				ALWAYS_SEARCH_USER_PATHS = NO;
				CLANG_CXX_LANGUAGE_STANDARD = "gnu++0x";
				CLANG_CXX_LIBRARY = "libc++";
				CLANG_ENABLE_MODULES = YES;
				CLANG_ENABLE_OBJC_ARC = YES;
				CLANG_WARN_BOOL_CONVERSION = YES;
				CLANG_WARN_CONSTANT_CONVERSION = YES;
				CLANG_WARN_DIRECT_OBJC_ISA_USAGE = YES_ERROR;
				CLANG_WARN_EMPTY_BODY = YES;
				CLANG_WARN_ENUM_CONVERSION = YES;
				CLANG_WARN_INT_CONVERSION = YES;
				CLANG_WARN_OBJC_ROOT_CLASS = YES_ERROR;
				CLANG_WARN_UNREACHABLE_CODE = YES;
				CLANG_WARN__DUPLICATE_METHOD_MATCH = YES;
				"CODE_SIGN_IDENTITY[sdk=iphoneos*]" = "iPhone Developer";
				COPY_PHASE_STRIP = NO;
				ENABLE_STRICT_OBJC_MSGSEND = YES;
				GCC_C_LANGUAGE_STANDARD = gnu99;
				GCC_DYNAMIC_NO_PIC = NO;
				GCC_OPTIMIZATION_LEVEL = 0;
				GCC_PREPROCESSOR_DEFINITIONS = (
					"DEBUG=1",
					"$(inherited)",
				);
				GCC_SYMBOLS_PRIVATE_EXTERN = NO;
				GCC_WARN_64_TO_32_BIT_CONVERSION = YES;
				GCC_WARN_ABOUT_RETURN_TYPE = YES_ERROR;
				GCC_WARN_UNDECLARED_SELECTOR = YES;
				GCC_WARN_UNINITIALIZED_AUTOS = YES_AGGRESSIVE;
				GCC_WARN_UNUSED_FUNCTION = YES;
				GCC_WARN_UNUSED_VARIABLE = YES;
				IPHONEOS_DEPLOYMENT_TARGET = 8.1;
				MTL_ENABLE_DEBUG_INFO = YES;
				ONLY_ACTIVE_ARCH = YES;
				SDKROOT = iphoneos;
			};
			name = Debug;
		};
		2B13D0B61AA81B9100FC0689 /* Release */ = {
			isa = XCBuildConfiguration;
			buildSettings = {
				ALWAYS_SEARCH_USER_PATHS = NO;
				CLANG_CXX_LANGUAGE_STANDARD = "gnu++0x";
				CLANG_CXX_LIBRARY = "libc++";
				CLANG_ENABLE_MODULES = YES;
				CLANG_ENABLE_OBJC_ARC = YES;
				CLANG_WARN_BOOL_CONVERSION = YES;
				CLANG_WARN_CONSTANT_CONVERSION = YES;
				CLANG_WARN_DIRECT_OBJC_ISA_USAGE = YES_ERROR;
				CLANG_WARN_EMPTY_BODY = YES;
				CLANG_WARN_ENUM_CONVERSION = YES;
				CLANG_WARN_INT_CONVERSION = YES;
				CLANG_WARN_OBJC_ROOT_CLASS = YES_ERROR;
				CLANG_WARN_UNREACHABLE_CODE = YES;
				CLANG_WARN__DUPLICATE_METHOD_MATCH = YES;
				"CODE_SIGN_IDENTITY[sdk=iphoneos*]" = "iPhone Developer";
				COPY_PHASE_STRIP = YES;
				ENABLE_NS_ASSERTIONS = NO;
				ENABLE_STRICT_OBJC_MSGSEND = YES;
				GCC_C_LANGUAGE_STANDARD = gnu99;
				GCC_WARN_64_TO_32_BIT_CONVERSION = YES;
				GCC_WARN_ABOUT_RETURN_TYPE = YES_ERROR;
				GCC_WARN_UNDECLARED_SELECTOR = YES;
				GCC_WARN_UNINITIALIZED_AUTOS = YES_AGGRESSIVE;
				GCC_WARN_UNUSED_FUNCTION = YES;
				GCC_WARN_UNUSED_VARIABLE = YES;
				IPHONEOS_DEPLOYMENT_TARGET = 8.1;
				MTL_ENABLE_DEBUG_INFO = NO;
				SDKROOT = iphoneos;
				VALIDATE_PRODUCT = YES;
			};
			name = Release;
		};
		2B13D0B81AA81B9100FC0689 /* Debug */ = {
			isa = XCBuildConfiguration;
			baseConfigurationReference = F02D873F8A16AE6556FF4B7A /* Pods-TownKitchen.debug.xcconfig */;
			buildSettings = {
				ASSETCATALOG_COMPILER_APPICON_NAME = AppIcon;
				ASSETCATALOG_COMPILER_LAUNCHIMAGE_NAME = LaunchImage;
				CODE_SIGN_IDENTITY = "iPhone Developer";
				INFOPLIST_FILE = TownKitchen/Info.plist;
				LD_RUNPATH_SEARCH_PATHS = "$(inherited) @executable_path/Frameworks";
				PRODUCT_NAME = "$(TARGET_NAME)";
				TARGETED_DEVICE_FAMILY = 1;
			};
			name = Debug;
		};
		2B13D0B91AA81B9100FC0689 /* Release */ = {
			isa = XCBuildConfiguration;
			baseConfigurationReference = 825F5B3F4F21BA28A6689DB1 /* Pods-TownKitchen.release.xcconfig */;
			buildSettings = {
				ASSETCATALOG_COMPILER_APPICON_NAME = AppIcon;
				ASSETCATALOG_COMPILER_LAUNCHIMAGE_NAME = LaunchImage;
				CODE_SIGN_IDENTITY = "iPhone Developer";
				INFOPLIST_FILE = TownKitchen/Info.plist;
				LD_RUNPATH_SEARCH_PATHS = "$(inherited) @executable_path/Frameworks";
				PRODUCT_NAME = "$(TARGET_NAME)";
				TARGETED_DEVICE_FAMILY = 1;
			};
			name = Release;
		};
		2B13D0BB1AA81B9100FC0689 /* Debug */ = {
			isa = XCBuildConfiguration;
			buildSettings = {
				BUNDLE_LOADER = "$(TEST_HOST)";
				FRAMEWORK_SEARCH_PATHS = (
					"$(SDKROOT)/Developer/Library/Frameworks",
					"$(inherited)",
				);
				GCC_PREPROCESSOR_DEFINITIONS = (
					"DEBUG=1",
					"$(inherited)",
				);
				INFOPLIST_FILE = TownKitchenTests/Info.plist;
				LD_RUNPATH_SEARCH_PATHS = "$(inherited) @executable_path/Frameworks @loader_path/Frameworks";
				PRODUCT_NAME = "$(TARGET_NAME)";
				TEST_HOST = "$(BUILT_PRODUCTS_DIR)/TownKitchen.app/TownKitchen";
			};
			name = Debug;
		};
		2B13D0BC1AA81B9100FC0689 /* Release */ = {
			isa = XCBuildConfiguration;
			buildSettings = {
				BUNDLE_LOADER = "$(TEST_HOST)";
				FRAMEWORK_SEARCH_PATHS = (
					"$(SDKROOT)/Developer/Library/Frameworks",
					"$(inherited)",
				);
				INFOPLIST_FILE = TownKitchenTests/Info.plist;
				LD_RUNPATH_SEARCH_PATHS = "$(inherited) @executable_path/Frameworks @loader_path/Frameworks";
				PRODUCT_NAME = "$(TARGET_NAME)";
				TEST_HOST = "$(BUILT_PRODUCTS_DIR)/TownKitchen.app/TownKitchen";
			};
			name = Release;
		};
/* End XCBuildConfiguration section */

/* Begin XCConfigurationList section */
		2B13D08F1AA81B9100FC0689 /* Build configuration list for PBXProject "TownKitchen" */ = {
			isa = XCConfigurationList;
			buildConfigurations = (
				2B13D0B51AA81B9100FC0689 /* Debug */,
				2B13D0B61AA81B9100FC0689 /* Release */,
			);
			defaultConfigurationIsVisible = 0;
			defaultConfigurationName = Release;
		};
		2B13D0B71AA81B9100FC0689 /* Build configuration list for PBXNativeTarget "TownKitchen" */ = {
			isa = XCConfigurationList;
			buildConfigurations = (
				2B13D0B81AA81B9100FC0689 /* Debug */,
				2B13D0B91AA81B9100FC0689 /* Release */,
			);
			defaultConfigurationIsVisible = 0;
			defaultConfigurationName = Release;
		};
		2B13D0BA1AA81B9100FC0689 /* Build configuration list for PBXNativeTarget "TownKitchenTests" */ = {
			isa = XCConfigurationList;
			buildConfigurations = (
				2B13D0BB1AA81B9100FC0689 /* Debug */,
				2B13D0BC1AA81B9100FC0689 /* Release */,
			);
			defaultConfigurationIsVisible = 0;
			defaultConfigurationName = Release;
		};
/* End XCConfigurationList section */
	};
	rootObject = 2B13D08C1AA81B9100FC0689 /* Project object */;
}
